// !$*UTF8*$!
{
	archiveVersion = 1;
	classes = {
	};
	objectVersion = 46;
	objects = {

/* Begin PBXBuildFile section */
		96F326861B0CEAA00088AC37 /* main.m in Sources */ = {isa = PBXBuildFile; fileRef = 96F326851B0CEAA00088AC37 /* main.m */; };
/* End PBXBuildFile section */

/* Begin PBXCopyFilesBuildPhase section */
		96F326801B0CEAA00088AC37 /* CopyFiles */ = {
			isa = PBXCopyFilesBuildPhase;
			buildActionMask = 2147483647;
			dstPath = /usr/share/man/man1/;
			dstSubfolderSpec = 0;
			files = (
			);
			runOnlyForDeploymentPostprocessing = 1;
		};
/* End PBXCopyFilesBuildPhase section */

/* Begin PBXFileReference section */
		96F326821B0CEAA00088AC37 /* Ej04_Ordenadores */ = {isa = PBXFileReference; explicitFileType = "compiled.mach-o.executable"; includeInIndex = 0; path = Ej04_Ordenadores; sourceTree = BUILT_PRODUCTS_DIR; };
		96F326851B0CEAA00088AC37 /* main.m */ = {isa = PBXFileReference; lastKnownFileType = sourcecode.c.objc; path = main.m; sourceTree = "<group>"; };
/* End PBXFileReference section */

/* Begin PBXFrameworksBuildPhase section */
		96F3267F1B0CEAA00088AC37 /* Frameworks */ = {
			isa = PBXFrameworksBuildPhase;
			buildActionMask = 2147483647;
			files = (
			);
			runOnlyForDeploymentPostprocessing = 0;
		};
/* End PBXFrameworksBuildPhase section */

/* Begin PBXGroup section */
		96F326791B0CEA9F0088AC37 = {
			isa = PBXGroup;
			children = (
				96F326841B0CEAA00088AC37 /* Ej04_Ordenadores */,
				96F326831B0CEAA00088AC37 /* Products */,
			);
			sourceTree = "<group>";
		};
		96F326831B0CEAA00088AC37 /* Products */ = {
			isa = PBXGroup;
			children = (
				96F326821B0CEAA00088AC37 /* Ej04_Ordenadores */,
			);
			name = Products;
			sourceTree = "<group>";
		};
		96F326841B0CEAA00088AC37 /* Ej04_Ordenadores */ = {
			isa = PBXGroup;
			children = (
				96F326851B0CEAA00088AC37 /* main.m */,
			);
			path = Ej04_Ordenadores;
			sourceTree = "<group>";
		};
/* End PBXGroup section */

/* Begin PBXNativeTarget section */
		96F326811B0CEAA00088AC37 /* Ej04_Ordenadores */ = {
			isa = PBXNativeTarget;
			buildConfigurationList = 96F326891B0CEAA00088AC37 /* Build configuration list for PBXNativeTarget "Ej04_Ordenadores" */;
			buildPhases = (
				96F3267E1B0CEAA00088AC37 /* Sources */,
				96F3267F1B0CEAA00088AC37 /* Frameworks */,
				96F326801B0CEAA00088AC37 /* CopyFiles */,
			);
			buildRules = (
			);
			dependencies = (
			);
			name = Ej04_Ordenadores;
			productName = Ej04_Ordenadores;
			productReference = 96F326821B0CEAA00088AC37 /* Ej04_Ordenadores */;
			productType = "com.apple.product-type.tool";
		};
/* End PBXNativeTarget section */

/* Begin PBXProject section */
		96F3267A1B0CEA9F0088AC37 /* Project object */ = {
			isa = PBXProject;
			attributes = {
				LastUpgradeCheck = 0600;
				ORGANIZATIONNAME = a13marcosve;
				TargetAttributes = {
					96F326811B0CEAA00088AC37 = {
						CreatedOnToolsVersion = 6.0.1;
					};
				};
			};
			buildConfigurationList = 96F3267D1B0CEA9F0088AC37 /* Build configuration list for PBXProject "Ej04_Ordenadores" */;
			compatibilityVersion = "Xcode 3.2";
			developmentRegion = English;
			hasScannedForEncodings = 0;
			knownRegions = (
				en,
			);
			mainGroup = 96F326791B0CEA9F0088AC37;
			productRefGroup = 96F326831B0CEAA00088AC37 /* Products */;
			projectDirPath = "";
			projectRoot = "";
			targets = (
				96F326811B0CEAA00088AC37 /* Ej04_Ordenadores */,
			);
		};
/* End PBXProject section */

/* Begin PBXSourcesBuildPhase section */
		96F3267E1B0CEAA00088AC37 /* Sources */ = {
			isa = PBXSourcesBuildPhase;
			buildActionMask = 2147483647;
			files = (
				96F326861B0CEAA00088AC37 /* main.m in Sources */,
			);
			runOnlyForDeploymentPostprocessing = 0;
		};
/* End PBXSourcesBuildPhase section */

/* Begin XCBuildConfiguration section */
		96F326871B0CEAA00088AC37 /* Debug */ = {
			isa = XCBuildConfiguration;
			buildSettings = {
				ALWAYS_SEARCH_USER_PATHS = NO;
				CLANG_CXX_LANGUAGE_STANDARD = "gnu++0x";
				CLANG_CXX_LIBRARY = "libc++";
				CLANG_ENABLE_MODULES = YES;
				CLANG_ENABLE_OBJC_ARC = YES;
				CLANG_WARN_BOOL_CONVERSION = YES;
				CLANG_WARN_CONSTANT_CONVERSION = YES;
				CLANG_WARN_DIRECT_OBJC_ISA_USAGE = YES_ERROR;
				CLANG_WARN_EMPTY_BODY = YES;
				CLANG_WARN_ENUM_CONVERSION = YES;
				CLANG_WARN_INT_CONVERSION = YES;
				CLANG_WARN_OBJC_ROOT_CLASS = YES_ERROR;
				CLANG_WARN_UNREACHABLE_CODE = YES;
				CLANG_WARN__DUPLICATE_METHOD_MATCH = YES;
				COPY_PHASE_STRIP = NO;
				ENABLE_STRICT_OBJC_MSGSEND = YES;
				GCC_C_LANGUAGE_STANDARD = gnu99;
				GCC_DYNAMIC_NO_PIC = NO;
				GCC_OPTIMIZATION_LEVEL = 0;
				GCC_PREPROCESSOR_DEFINITIONS = (
					"DEBUG=1",
					"$(inherited)",
				);
				GCC_SYMBOLS_PRIVATE_EXTERN = NO;
				GCC_WARN_64_TO_32_BIT_CONVERSION = YES;
				GCC_WARN_ABOUT_RETURN_TYPE = YES_ERROR;
				GCC_WARN_UNDECLARED_SELECTOR = YES;
				GCC_WARN_UNINITIALIZED_AUTOS = YES_AGGRESSIVE;
				GCC_WARN_UNUSED_FUNCTION = YES;
				GCC_WARN_UNUSED_VARIABLE = YES;
				MACOSX_DEPLOYMENT_TARGET = 10.10;
				MTL_ENABLE_DEBUG_INFO = YES;
				ONLY_ACTIVE_ARCH = YES;
				SDKROOT = macosx;
			};
			name = Debug;
		};
		96F326881B0CEAA00088AC37 /* Release */ = {
			isa = XCBuildConfiguration;
			buildSettings = {
				ALWAYS_SEARCH_USER_PATHS = NO;
				CLANG_CXX_LANGUAGE_STANDARD = "gnu++0x";
				CLANG_CXX_LIBRARY = "libc++";
				CLANG_ENABLE_MODULES = YES;
				CLANG_ENABLE_OBJC_ARC = YES;
				CLANG_WARN_BOOL_CONVERSION = YES;
				CLANG_WARN_CONSTANT_CONVERSION = YES;
				CLANG_WARN_DIRECT_OBJC_ISA_USAGE = YES_ERROR;
				CLANG_WARN_EMPTY_BODY = YES;
				CLANG_WARN_ENUM_CONVERSION = YES;
				CLANG_WARN_INT_CONVERSION = YES;
				CLANG_WARN_OBJC_ROOT_CLASS = YES_ERROR;
				CLANG_WARN_UNREACHABLE_CODE = YES;
				CLANG_WARN__DUPLICATE_METHOD_MATCH = YES;
				COPY_PHASE_STRIP = YES;
				DEBUG_INFORMATION_FORMAT = "dwarf-with-dsym";
				ENABLE_NS_ASSERTIONS = NO;
				ENABLE_STRICT_OBJC_MSGSEND = YES;
				GCC_C_LANGUAGE_STANDARD = gnu99;
				GCC_WARN_64_TO_32_BIT_CONVERSION = YES;
				GCC_WARN_ABOUT_RETURN_TYPE = YES_ERROR;
				GCC_WARN_UNDECLARED_SELECTOR = YES;
				GCC_WARN_UNINITIALIZED_AUTOS = YES_AGGRESSIVE;
				GCC_WARN_UNUSED_FUNCTION = YES;
				GCC_WARN_UNUSED_VARIABLE = YES;
				MACOSX_DEPLOYMENT_TARGET = 10.10;
				MTL_ENABLE_DEBUG_INFO = NO;
				SDKROOT = macosx;
			};
			name = Release;
		};
		96F3268A1B0CEAA00088AC37 /* Debug */ = {
			isa = XCBuildConfiguration;
			buildSettings = {
				PRODUCT_NAME = "$(TARGET_NAME)";
			};
			name = Debug;
		};
		96F3268B1B0CEAA00088AC37 /* Release */ = {
			isa = XCBuildConfiguration;
			buildSettings = {
				PRODUCT_NAME = "$(TARGET_NAME)";
			};
			name = Release;
		};
/* End XCBuildConfiguration section */

/* Begin XCConfigurationList section */
		96F3267D1B0CEA9F0088AC37 /* Build configuration list for PBXProject "Ej04_Ordenadores" */ = {
			isa = XCConfigurationList;
			buildConfigurations = (
				96F326871B0CEAA00088AC37 /* Debug */,
				96F326881B0CEAA00088AC37 /* Release */,
			);
			defaultConfigurationIsVisible = 0;
			defaultConfigurationName = Release;
		};
		96F326891B0CEAA00088AC37 /* Build configuration list for PBXNativeTarget "Ej04_Ordenadores" */ = {
			isa = XCConfigurationList;
			buildConfigurations = (
				96F3268A1B0CEAA00088AC37 /* Debug */,
				96F3268B1B0CEAA00088AC37 /* Release */,
			);
			defaultConfigurationIsVisible = 0;
		};
/* End XCConfigurationList section */
	};
	rootObject = 96F3267A1B0CEA9F0088AC37 /* Project object */;
}
